{
  "name": "firstfly",
  "version": "1.0.0",
  "lockfileVersion": 1,
  "requires": true,
  "dependencies": {
    "waait": {
      "version": "1.0.2",
      "resolved": "https://registry.npmjs.org/waait/-/waait-1.0.2.tgz",
      "integrity": "sha512-amvD7uRx48U2gXOgzwV7PbcpSy8O3Fect2SqiLbBIVH9Zh0UMnDWckSLnsdKNwq7pvarWnPWrpYad2P3pgmRYw=="
    }
  }
}
